
Microsoft Visual Studio Solution File, Format Version 12.00
# Visual Studio Version 17
VisualStudioVersion = 17.11.35327.3
MinimumVisualStudioVersion = 10.0.40219.1
Project("{FAE04EC0-301F-11D3-BF4B-00C04F79EFBC}") = "Черга", "Черга.csproj", "{BC736C01-89D9-47A1-83A1-7FBD009E9EF6}"
EndProject
Global
	GlobalSection(SolutionConfigurationPlatforms) = preSolution
		Debug|Any CPU = Debug|Any CPU
		Release|Any CPU = Release|Any CPU
	EndGlobalSection
	GlobalSection(ProjectConfigurationPlatforms) = postSolution
		{BC736C01-89D9-47A1-83A1-7FBD009E9EF6}.Debug|Any CPU.ActiveCfg = Debug|Any CPU
		{BC736C01-89D9-47A1-83A1-7FBD009E9EF6}.Debug|Any CPU.Build.0 = Debug|Any CPU
		{BC736C01-89D9-47A1-83A1-7FBD009E9EF6}.Release|Any CPU.ActiveCfg = Release|Any CPU
		{BC736C01-89D9-47A1-83A1-7FBD009E9EF6}.Release|Any CPU.Build.0 = Release|Any CPU
	EndGlobalSection
	GlobalSection(SolutionProperties) = preSolution
		HideSolutionNode = FALSE
	EndGlobalSection
	GlobalSection(ExtensibilityGlobals) = postSolution
		SolutionGuid = {3D8D95DC-9236-4B0B-B1D5-795D1A159F10}
	EndGlobalSection
EndGlobal
